
Microsoft Visual Studio Solution File, Format Version 12.00
# Visual Studio Version 16
VisualStudioVersion = 16.0.32002.261
MinimumVisualStudioVersion = 10.0.40219.1
Project("{FAE04EC0-301F-11D3-BF4B-00C04F79EFBC}") = "MatchGame", "MatchGame\MatchGame.csproj", "{CCA3EBC8-8382-4D60-ADB9-0CF681883157}"
EndProject
Global
	GlobalSection(SolutionConfigurationPlatforms) = preSolution
		Debug|Any CPU = Debug|Any CPU
		Release|Any CPU = Release|Any CPU
	EndGlobalSection
	GlobalSection(ProjectConfigurationPlatforms) = postSolution
		{CCA3EBC8-8382-4D60-ADB9-0CF681883157}.Debug|Any CPU.ActiveCfg = Debug|Any CPU
		{CCA3EBC8-8382-4D60-ADB9-0CF681883157}.Debug|Any CPU.Build.0 = Debug|Any CPU
		{CCA3EBC8-8382-4D60-ADB9-0CF681883157}.Release|Any CPU.ActiveCfg = Release|Any CPU
		{CCA3EBC8-8382-4D60-ADB9-0CF681883157}.Release|Any CPU.Build.0 = Release|Any CPU
	EndGlobalSection
	GlobalSection(SolutionProperties) = preSolution
		HideSolutionNode = FALSE
	EndGlobalSection
	GlobalSection(ExtensibilityGlobals) = postSolution
		SolutionGuid = {3C10AC44-CA29-4AD9-A393-8AD0ED06B536}
	EndGlobalSection
EndGlobal
